
Microsoft Visual Studio Solution File, Format Version 12.00
Project("{2150E333-8FDC-42A3-9474-1A3956D46DE8}") = "tests", "tests", "{A11779DC-4648-4F9F-9A3B-DA2EC470CEB0}"
EndProject
Project("{2150E333-8FDC-42A3-9474-1A3956D46DE8}") = "src", "src", "{5BA6C14D-C672-4611-A398-3374F7DF4A15}"
EndProject
Project("{2150E333-8FDC-42A3-9474-1A3956D46DE8}") = "Services", "Services", "{C28D4576-9D81-41A6-8F60-55F28021BCD0}"
EndProject
Project("{2150E333-8FDC-42A3-9474-1A3956D46DE8}") = "Shared", "Shared", "{53BEDA1A-6D4D-4BD3-8939-B84E4012B276}"
EndProject
Project("{2150E333-8FDC-42A3-9474-1A3956D46DE8}") = "ProductService", "ProductService", "{45833E03-03F0-45C0-9B25-0B2B54FA697D}"
EndProject
Project("{2150E333-8FDC-42A3-9474-1A3956D46DE8}") = "TransactionService", "TransactionService", "{F22EF76E-000C-4763-A257-6696518FFEE3}"
EndProject
Project("{FAE04EC0-301F-11D3-BF4B-00C04F79EFBC}") = "ProductService.API", "src\Services\ProductService\ProductService.API\ProductService.API.csproj", "{577952E4-8988-4213-8B2E-F1713D858596}"
EndProject
Project("{FAE04EC0-301F-11D3-BF4B-00C04F79EFBC}") = "ProductService.Application", "src\Services\ProductService\ProductService.Application\ProductService.Application.csproj", "{CA5B4E92-8D0B-42D7-BDF2-1ED524472082}"
EndProject
Project("{FAE04EC0-301F-11D3-BF4B-00C04F79EFBC}") = "ProductService.Domain", "src\Services\ProductService\ProductService.Domain\ProductService.Domain.csproj", "{30812199-6591-48F8-BBBF-8B27722D2ABA}"
EndProject
Project("{FAE04EC0-301F-11D3-BF4B-00C04F79EFBC}") = "Shared.Infrastructure", "src\Shared\Shared.Infrastructure\Shared.Infrastructure.csproj", "{87135778-232A-4225-AB6F-16E7C86D6CC4}"
EndProject
Project("{FAE04EC0-301F-11D3-BF4B-00C04F79EFBC}") = "Shared.Common", "src\Shared\Shared.Common\Shared.Common.csproj", "{F9D53399-13EA-48ED-9C31-54DDCDD553D4}"
EndProject
Project("{FAE04EC0-301F-11D3-BF4B-00C04F79EFBC}") = "ProductService.Infrastructure", "src\Services\ProductService\ProductService.Infrastructure\ProductService.Infrastructure.csproj", "{49EFD41F-91A3-4E7F-8B1F-27AD029E866C}"
EndProject
Global
	GlobalSection(SolutionConfigurationPlatforms) = preSolution
		Debug|Any CPU = Debug|Any CPU
		Release|Any CPU = Release|Any CPU
	EndGlobalSection
	GlobalSection(NestedProjects) = preSolution
		{C28D4576-9D81-41A6-8F60-55F28021BCD0} = {5BA6C14D-C672-4611-A398-3374F7DF4A15}
		{53BEDA1A-6D4D-4BD3-8939-B84E4012B276} = {5BA6C14D-C672-4611-A398-3374F7DF4A15}
		{45833E03-03F0-45C0-9B25-0B2B54FA697D} = {C28D4576-9D81-41A6-8F60-55F28021BCD0}
		{F22EF76E-000C-4763-A257-6696518FFEE3} = {C28D4576-9D81-41A6-8F60-55F28021BCD0}
		{577952E4-8988-4213-8B2E-F1713D858596} = {45833E03-03F0-45C0-9B25-0B2B54FA697D}
		{CA5B4E92-8D0B-42D7-BDF2-1ED524472082} = {45833E03-03F0-45C0-9B25-0B2B54FA697D}
		{30812199-6591-48F8-BBBF-8B27722D2ABA} = {45833E03-03F0-45C0-9B25-0B2B54FA697D}
		{87135778-232A-4225-AB6F-16E7C86D6CC4} = {53BEDA1A-6D4D-4BD3-8939-B84E4012B276}
		{F9D53399-13EA-48ED-9C31-54DDCDD553D4} = {53BEDA1A-6D4D-4BD3-8939-B84E4012B276}
		{49EFD41F-91A3-4E7F-8B1F-27AD029E866C} = {45833E03-03F0-45C0-9B25-0B2B54FA697D}
	EndGlobalSection
	GlobalSection(ProjectConfigurationPlatforms) = postSolution
		{577952E4-8988-4213-8B2E-F1713D858596}.Debug|Any CPU.ActiveCfg = Debug|Any CPU
		{577952E4-8988-4213-8B2E-F1713D858596}.Debug|Any CPU.Build.0 = Debug|Any CPU
		{577952E4-8988-4213-8B2E-F1713D858596}.Release|Any CPU.ActiveCfg = Release|Any CPU
		{577952E4-8988-4213-8B2E-F1713D858596}.Release|Any CPU.Build.0 = Release|Any CPU
		{CA5B4E92-8D0B-42D7-BDF2-1ED524472082}.Debug|Any CPU.ActiveCfg = Debug|Any CPU
		{CA5B4E92-8D0B-42D7-BDF2-1ED524472082}.Debug|Any CPU.Build.0 = Debug|Any CPU
		{CA5B4E92-8D0B-42D7-BDF2-1ED524472082}.Release|Any CPU.ActiveCfg = Release|Any CPU
		{CA5B4E92-8D0B-42D7-BDF2-1ED524472082}.Release|Any CPU.Build.0 = Release|Any CPU
		{30812199-6591-48F8-BBBF-8B27722D2ABA}.Debug|Any CPU.ActiveCfg = Debug|Any CPU
		{30812199-6591-48F8-BBBF-8B27722D2ABA}.Debug|Any CPU.Build.0 = Debug|Any CPU
		{30812199-6591-48F8-BBBF-8B27722D2ABA}.Release|Any CPU.ActiveCfg = Release|Any CPU
		{30812199-6591-48F8-BBBF-8B27722D2ABA}.Release|Any CPU.Build.0 = Release|Any CPU
		{87135778-232A-4225-AB6F-16E7C86D6CC4}.Debug|Any CPU.ActiveCfg = Debug|Any CPU
		{87135778-232A-4225-AB6F-16E7C86D6CC4}.Debug|Any CPU.Build.0 = Debug|Any CPU
		{87135778-232A-4225-AB6F-16E7C86D6CC4}.Release|Any CPU.ActiveCfg = Release|Any CPU
		{87135778-232A-4225-AB6F-16E7C86D6CC4}.Release|Any CPU.Build.0 = Release|Any CPU
		{F9D53399-13EA-48ED-9C31-54DDCDD553D4}.Debug|Any CPU.ActiveCfg = Debug|Any CPU
		{F9D53399-13EA-48ED-9C31-54DDCDD553D4}.Debug|Any CPU.Build.0 = Debug|Any CPU
		{F9D53399-13EA-48ED-9C31-54DDCDD553D4}.Release|Any CPU.ActiveCfg = Release|Any CPU
		{F9D53399-13EA-48ED-9C31-54DDCDD553D4}.Release|Any CPU.Build.0 = Release|Any CPU
		{49EFD41F-91A3-4E7F-8B1F-27AD029E866C}.Debug|Any CPU.ActiveCfg = Debug|Any CPU
		{49EFD41F-91A3-4E7F-8B1F-27AD029E866C}.Debug|Any CPU.Build.0 = Debug|Any CPU
		{49EFD41F-91A3-4E7F-8B1F-27AD029E866C}.Release|Any CPU.ActiveCfg = Release|Any CPU
		{49EFD41F-91A3-4E7F-8B1F-27AD029E866C}.Release|Any CPU.Build.0 = Release|Any CPU
	EndGlobalSection
EndGlobal
